# THIS IS AN AUTOGENERATED FILE. DO NOT EDIT THIS FILE DIRECTLY.
# yarn lockfile v1


autoprefixer@^10.4.27:
  version "10.4.27"
  resolved "https://registry.yarnpkg.com/autoprefixer/-/autoprefixer-10.4.27.tgz#51ea301a5c3c5f8642f8e564759c4f573be486f2"
  integrity sha512-NP9APE+tO+LuJGn7/9+cohklunJsXWiaWEfV3si4Gi/XHDwVNgkwr1J3RQYFIvPy76GmJ9/bW8vyoU1LcxwKHA==
  dependencies:
    browserslist "^4.28.1"
    caniuse-lite "^1.0.30001774"
    fraction.js "^5.3.4"
    picocolors "^1.1.1"
    postcss-value-parser "^4.2.0"

baseline-browser-mapping@^2.9.0:
  version "2.10.12"
  resolved "https://registry.yarnpkg.com/baseline-browser-mapping/-/baseline-browser-mapping-2.10.12.tgz#60f9e2172e962839ac313d4e0c8e182090fb6621"
  integrity sha512-qyq26DxfY4awP2gIRXhhLWfwzwI+N5Nxk6iQi8EFizIaWIjqicQTE4sLnZZVdeKPRcVNoJOkkpfzoIYuvCKaIQ==

browserslist@^4.28.1:
  version "4.28.1"
  resolved "https://registry.yarnpkg.com/browserslist/-/browserslist-4.28.1.tgz#7f534594628c53c63101079e27e40de490456a95"
  integrity sha512-ZC5Bd0LgJXgwGqUknZY/vkUQ04r8NXnJZ3yYi4vDmSiZmC/pdSN0NbNRPxZpbtO4uAfDUAFffO8IZoM3Gj8IkA==
  dependencies:
    baseline-browser-mapping "^2.9.0"
    caniuse-lite "^1.0.30001759"
    electron-to-chromium "^1.5.263"
    node-releases "^2.0.27"
    update-browserslist-db "^1.2.0"

caniuse-lite@^1.0.30001759, caniuse-lite@^1.0.30001774:
  version "1.0.30001782"
  resolved "https://registry.yarnpkg.com/caniuse-lite/-/caniuse-lite-1.0.30001782.tgz#f2b8617f998bc134701c54ce9748af44f646e062"
  integrity sha512-dZcaJLJeDMh4rELYFw1tvSn1bhZWYFOt468FcbHHxx/Z/dFidd1I6ciyFdi3iwfQCyOjqo9upF6lGQYtMiJWxw==

cookie@^1.0.1:
  version "1.1.1"
  resolved "https://registry.yarnpkg.com/cookie/-/cookie-1.1.1.tgz#3bb9bdfc82369db9c2f69c93c9c3ceb310c88b3c"
  integrity sha512-ei8Aos7ja0weRpFzJnEA9UHJ/7XQmqglbRwnf2ATjcB9Wq874VKH9kfjjirM6UhU2/E5fFYadylyhFldcqSidQ==

electron-to-chromium@^1.5.263:
  version "1.5.329"
  resolved "https://registry.yarnpkg.com/electron-to-chromium/-/electron-to-chromium-1.5.329.tgz#3b0b10ed570ac5625e365e8fbfd412e0b1615c69"
  integrity sha512-/4t+AS1l4S3ZC0Ja7PHFIWeBIxGA3QGqV8/yKsP36v7NcyUCl+bIcmw6s5zVuMIECWwBrAK/6QLzTmbJChBboQ==

escalade@^3.2.0:
  version "3.2.0"
  resolved "https://registry.yarnpkg.com/escalade/-/escalade-3.2.0.tgz#011a3f69856ba189dffa7dc8fcce99d2a87903e5"
  integrity sha512-WUj2qlxaQtO4g6Pq5c29GTcWGDyd8itL8zTlipgECz3JesAiiOKotd8JU6otB3PACgG6xkJUyVhboMS+bje/jA==

fraction.js@^5.3.4:
  version "5.3.4"
  resolved "https://registry.yarnpkg.com/fraction.js/-/fraction.js-5.3.4.tgz#8c0fcc6a9908262df4ed197427bdeef563e0699a"
  integrity sha512-1X1NTtiJphryn/uLQz3whtY6jK3fTqoE3ohKs0tT+Ujr1W59oopxmoEh7Lu5p6vBaPbgoM0bzveAW4Qi5RyWDQ==

nanoid@^3.3.11:
  version "3.3.11"
  resolved "https://registry.yarnpkg.com/nanoid/-/nanoid-3.3.11.tgz#4f4f112cefbe303202f2199838128936266d185b"
  integrity sha512-N8SpfPUnUp1bK+PMYW8qSWdl9U+wwNWI4QKxOYDy9JAro3WMX7p2OeVRF9v+347pnakNevPmiHhNmZ2HbFA76w==

node-releases@^2.0.27:
  version "2.0.36"
  resolved "https://registry.yarnpkg.com/node-releases/-/node-releases-2.0.36.tgz#99fd6552aaeda9e17c4713b57a63964a2e325e9d"
  integrity sha512-TdC8FSgHz8Mwtw9g5L4gR/Sh9XhSP/0DEkQxfEFXOpiul5IiHgHan2VhYYb6agDSfp4KuvltmGApc8HMgUrIkA==

picocolors@^1.1.1:
  version "1.1.1"
  resolved "https://registry.yarnpkg.com/picocolors/-/picocolors-1.1.1.tgz#3d321af3eab939b083c8f929a1d12cda81c26b6b"
  integrity sha512-xceH2snhtb5M9liqDsmEw56le376mTZkEX/jEb/RxNFyegNul7eNslCXP9FDj/Lcu0X8KEyMceP2ntpaHrDEVA==

postcss-value-parser@^4.2.0:
  version "4.2.0"
  resolved "https://registry.yarnpkg.com/postcss-value-parser/-/postcss-value-parser-4.2.0.tgz#723c09920836ba6d3e5af019f92bc0971c02e514"
  integrity sha512-1NNCs6uurfkVbeXG4S8JFT9t19m45ICnif8zWLd5oPSZ50QnwMfK+H3jv408d4jw/7Bttv5axS5IiHoLaVNHeQ==

postcss@^8.5.8:
  version "8.5.8"
  resolved "https://registry.yarnpkg.com/postcss/-/postcss-8.5.8.tgz#6230ecc8fb02e7a0f6982e53990937857e13f399"
  integrity sha512-OW/rX8O/jXnm82Ey1k44pObPtdblfiuWnrd8X7GJ7emImCOstunGbXUpp7HdBrFQX6rJzn3sPT397Wp5aCwCHg==
  dependencies:
    nanoid "^3.3.11"
    picocolors "^1.1.1"
    source-map-js "^1.2.1"

react-router-dom@^7.13.2:
  version "7.13.2"
  resolved "https://registry.yarnpkg.com/react-router-dom/-/react-router-dom-7.13.2.tgz#6582ab2e2f096d19486e854898b719b4efc52524"
  integrity sha512-aR7SUORwTqAW0JDeiWF07e9SBE9qGpByR9I8kJT5h/FrBKxPMS6TiC7rmVO+gC0q52Bx7JnjWe8Z1sR9faN4YA==
  dependencies:
    react-router "7.13.2"

react-router@7.13.2:
  version "7.13.2"
  resolved "https://registry.yarnpkg.com/react-router/-/react-router-7.13.2.tgz#bab22c9f96f81759e060a34c04e7527e5f6dbbe1"
  integrity sha512-tX1Aee+ArlKQP+NIUd7SE6Li+CiGKwQtbS+FfRxPX6Pe4vHOo6nr9d++u5cwg+Z8K/x8tP+7qLmujDtfrAoUJA==
  dependencies:
    cookie "^1.0.1"
    set-cookie-parser "^2.6.0"

set-cookie-parser@^2.6.0:
  version "2.7.2"
  resolved "https://registry.yarnpkg.com/set-cookie-parser/-/set-cookie-parser-2.7.2.tgz#ccd08673a9ae5d2e44ea2a2de25089e67c7edf68"
  integrity sha512-oeM1lpU/UvhTxw+g3cIfxXHyJRc/uidd3yK1P242gzHds0udQBYzs3y8j4gCCW+ZJ7ad0yctld8RYO+bdurlvw==

source-map-js@^1.2.1:
  version "1.2.1"
  resolved "https://registry.yarnpkg.com/source-map-js/-/source-map-js-1.2.1.tgz#1ce5650fddd87abc099eda37dcff024c2667ae46"
  integrity sha512-UXWMKhLOwVKb728IUtQPXxfYU+usdybtUrK/8uGE8CQMvrhOpwvzDBwj0QhSL7MQc7vIsISBG8VQ8+IDQxpfQA==

tailwindcss@^4.2.2:
  version "4.2.2"
  resolved "https://registry.yarnpkg.com/tailwindcss/-/tailwindcss-4.2.2.tgz#688fb0751c8ca9044e890546510a2ee817308e87"
  integrity sha512-KWBIxs1Xb6NoLdMVqhbhgwZf2PGBpPEiwOqgI4pFIYbNTfBXiKYyWoTsXgBQ9WFg/OlhnvHaY+AEpW7wSmFo2Q==

update-browserslist-db@^1.2.0:
  version "1.2.3"
  resolved "https://registry.yarnpkg.com/update-browserslist-db/-/update-browserslist-db-1.2.3.tgz#64d76db58713136acbeb4c49114366cc6cc2e80d"
  integrity sha512-Js0m9cx+qOgDxo0eMiFGEueWztz+d4+M3rGlmKPT+T4IS/jP4ylw3Nwpu6cpTTP8R1MAC1kF4VbdLt3ARf209w==
  dependencies:
    escalade "^3.2.0"
    picocolors "^1.1.1"
